
Microsoft Visual Studio Solution File, Format Version 12.00
# Visual Studio Version 17
VisualStudioVersion = 17.8.34525.116
MinimumVisualStudioVersion = 10.0.40219.1
Project("{FAE04EC0-301F-11D3-BF4B-00C04F79EFBC}") = "MVCDemo", "MVCDemo\MVCDemo.csproj", "{4DAE56CE-BE08-42F2-85F3-AE643AD6D04A}"
EndProject
Global
	GlobalSection(SolutionConfigurationPlatforms) = preSolution
		Debug|Any CPU = Debug|Any CPU
		Release|Any CPU = Release|Any CPU
	EndGlobalSection
	GlobalSection(ProjectConfigurationPlatforms) = postSolution
		{4DAE56CE-BE08-42F2-85F3-AE643AD6D04A}.Debug|Any CPU.ActiveCfg = Debug|Any CPU
		{4DAE56CE-BE08-42F2-85F3-AE643AD6D04A}.Debug|Any CPU.Build.0 = Debug|Any CPU
		{4DAE56CE-BE08-42F2-85F3-AE643AD6D04A}.Release|Any CPU.ActiveCfg = Release|Any CPU
		{4DAE56CE-BE08-42F2-85F3-AE643AD6D04A}.Release|Any CPU.Build.0 = Release|Any CPU
	EndGlobalSection
	GlobalSection(SolutionProperties) = preSolution
		HideSolutionNode = FALSE
	EndGlobalSection
	GlobalSection(ExtensibilityGlobals) = postSolution
		SolutionGuid = {066870C6-62D8-4987-9A9C-FD7F4B515277}
	EndGlobalSection
EndGlobal
